
Microsoft Visual Studio Solution File, Format Version 12.00
# Visual Studio 14
VisualStudioVersion = 14.0.25420.1
MinimumVisualStudioVersion = 10.0.40219.1
Project("{8BC9CEB8-8B4A-11D0-8D11-00A0C91BC942}") = "NinjaGaiden", "NinjaGaiden\NinjaGaiden.vcxproj", "{8A187FFF-00EF-4BBE-9B21-6D35425D1DC2}"
EndProject
Project("{8BC9CEB8-8B4A-11D0-8D11-00A0C91BC942}") = "NinjaGaindenTest", "NinjaGaindenTest\NinjaGaindenTest.vcxproj", "{7EDFB8A3-89D4-42CB-944E-EDBC095BFF2D}"
EndProject
Project("{FAE04EC0-301F-11D3-BF4B-00C04F79EFBC}") = "Map", "Map\Map\Map.csproj", "{76542DCD-3AF1-453E-BB01-8653A193E266}"
EndProject
Project("{FAE04EC0-301F-11D3-BF4B-00C04F79EFBC}") = "MapTest", "Map\TestApp\MapTest.csproj", "{F6AF4FA1-BBAC-42AA-86FF-6692120AABE1}"
EndProject
Global
	GlobalSection(SolutionConfigurationPlatforms) = preSolution
		Debug|Any CPU = Debug|Any CPU
		Debug|x64 = Debug|x64
		Debug|x86 = Debug|x86
		Release|Any CPU = Release|Any CPU
		Release|x64 = Release|x64
		Release|x86 = Release|x86
	EndGlobalSection
	GlobalSection(ProjectConfigurationPlatforms) = postSolution
		{8A187FFF-00EF-4BBE-9B21-6D35425D1DC2}.Debug|Any CPU.ActiveCfg = Debug|Win32
		{8A187FFF-00EF-4BBE-9B21-6D35425D1DC2}.Debug|x64.ActiveCfg = Debug|x64
		{8A187FFF-00EF-4BBE-9B21-6D35425D1DC2}.Debug|x64.Build.0 = Debug|x64
		{8A187FFF-00EF-4BBE-9B21-6D35425D1DC2}.Debug|x86.ActiveCfg = Debug|Win32
		{8A187FFF-00EF-4BBE-9B21-6D35425D1DC2}.Debug|x86.Build.0 = Debug|Win32
		{8A187FFF-00EF-4BBE-9B21-6D35425D1DC2}.Release|Any CPU.ActiveCfg = Release|Win32
		{8A187FFF-00EF-4BBE-9B21-6D35425D1DC2}.Release|x64.ActiveCfg = Release|x64
		{8A187FFF-00EF-4BBE-9B21-6D35425D1DC2}.Release|x64.Build.0 = Release|x64
		{8A187FFF-00EF-4BBE-9B21-6D35425D1DC2}.Release|x86.ActiveCfg = Release|Win32
		{8A187FFF-00EF-4BBE-9B21-6D35425D1DC2}.Release|x86.Build.0 = Release|Win32
		{7EDFB8A3-89D4-42CB-944E-EDBC095BFF2D}.Debug|Any CPU.ActiveCfg = Debug|Win32
		{7EDFB8A3-89D4-42CB-944E-EDBC095BFF2D}.Debug|x64.ActiveCfg = Debug|x64
		{7EDFB8A3-89D4-42CB-944E-EDBC095BFF2D}.Debug|x64.Build.0 = Debug|x64
		{7EDFB8A3-89D4-42CB-944E-EDBC095BFF2D}.Debug|x86.ActiveCfg = Debug|Win32
		{7EDFB8A3-89D4-42CB-944E-EDBC095BFF2D}.Debug|x86.Build.0 = Debug|Win32
		{7EDFB8A3-89D4-42CB-944E-EDBC095BFF2D}.Release|Any CPU.ActiveCfg = Release|Win32
		{7EDFB8A3-89D4-42CB-944E-EDBC095BFF2D}.Release|x64.ActiveCfg = Release|x64
		{7EDFB8A3-89D4-42CB-944E-EDBC095BFF2D}.Release|x64.Build.0 = Release|x64
		{7EDFB8A3-89D4-42CB-944E-EDBC095BFF2D}.Release|x86.ActiveCfg = Release|Win32
		{7EDFB8A3-89D4-42CB-944E-EDBC095BFF2D}.Release|x86.Build.0 = Release|Win32
		{76542DCD-3AF1-453E-BB01-8653A193E266}.Debug|Any CPU.ActiveCfg = Debug|Any CPU
		{76542DCD-3AF1-453E-BB01-8653A193E266}.Debug|Any CPU.Build.0 = Debug|Any CPU
		{76542DCD-3AF1-453E-BB01-8653A193E266}.Debug|x64.ActiveCfg = Debug|Any CPU
		{76542DCD-3AF1-453E-BB01-8653A193E266}.Debug|x64.Build.0 = Debug|Any CPU
		{76542DCD-3AF1-453E-BB01-8653A193E266}.Debug|x86.ActiveCfg = Debug|Any CPU
		{76542DCD-3AF1-453E-BB01-8653A193E266}.Debug|x86.Build.0 = Debug|Any CPU
		{76542DCD-3AF1-453E-BB01-8653A193E266}.Release|Any CPU.ActiveCfg = Release|Any CPU
		{76542DCD-3AF1-453E-BB01-8653A193E266}.Release|Any CPU.Build.0 = Release|Any CPU
		{76542DCD-3AF1-453E-BB01-8653A193E266}.Release|x64.ActiveCfg = Release|Any CPU
		{76542DCD-3AF1-453E-BB01-8653A193E266}.Release|x64.Build.0 = Release|Any CPU
		{76542DCD-3AF1-453E-BB01-8653A193E266}.Release|x86.ActiveCfg = Release|Any CPU
		{76542DCD-3AF1-453E-BB01-8653A193E266}.Release|x86.Build.0 = Release|Any CPU
		{F6AF4FA1-BBAC-42AA-86FF-6692120AABE1}.Debug|Any CPU.ActiveCfg = Debug|Any CPU
		{F6AF4FA1-BBAC-42AA-86FF-6692120AABE1}.Debug|Any CPU.Build.0 = Debug|Any CPU
		{F6AF4FA1-BBAC-42AA-86FF-6692120AABE1}.Debug|x64.ActiveCfg = Debug|Any CPU
		{F6AF4FA1-BBAC-42AA-86FF-6692120AABE1}.Debug|x64.Build.0 = Debug|Any CPU
		{F6AF4FA1-BBAC-42AA-86FF-6692120AABE1}.Debug|x86.ActiveCfg = Debug|Any CPU
		{F6AF4FA1-BBAC-42AA-86FF-6692120AABE1}.Debug|x86.Build.0 = Debug|Any CPU
		{F6AF4FA1-BBAC-42AA-86FF-6692120AABE1}.Release|Any CPU.ActiveCfg = Release|Any CPU
		{F6AF4FA1-BBAC-42AA-86FF-6692120AABE1}.Release|Any CPU.Build.0 = Release|Any CPU
		{F6AF4FA1-BBAC-42AA-86FF-6692120AABE1}.Release|x64.ActiveCfg = Release|Any CPU
		{F6AF4FA1-BBAC-42AA-86FF-6692120AABE1}.Release|x64.Build.0 = Release|Any CPU
		{F6AF4FA1-BBAC-42AA-86FF-6692120AABE1}.Release|x86.ActiveCfg = Release|Any CPU
		{F6AF4FA1-BBAC-42AA-86FF-6692120AABE1}.Release|x86.Build.0 = Release|Any CPU
	EndGlobalSection
	GlobalSection(SolutionProperties) = preSolution
		HideSolutionNode = FALSE
	EndGlobalSection
EndGlobal
