
Microsoft Visual Studio Solution File, Format Version 12.00
# Visual Studio 14
VisualStudioVersion = 14.0.25420.1
MinimumVisualStudioVersion = 10.0.40219.1
Project("{FAE04EC0-301F-11D3-BF4B-00C04F79EFBC}") = "Map", "Map\Map.csproj", "{76542DCD-3AF1-453E-BB01-8653A193E266}"
EndProject
Project("{FAE04EC0-301F-11D3-BF4B-00C04F79EFBC}") = "MapTests1", "MapTests1\MapTests1.csproj", "{41973499-658E-48FC-9666-72D0F996E146}"
EndProject
Project("{FAE04EC0-301F-11D3-BF4B-00C04F79EFBC}") = "TestApp", "TestApp\TestApp.csproj", "{F6AF4FA1-BBAC-42AA-86FF-6692120AABE1}"
EndProject
Global
	GlobalSection(SolutionConfigurationPlatforms) = preSolution
		Debug|Any CPU = Debug|Any CPU
		Release|Any CPU = Release|Any CPU
	EndGlobalSection
	GlobalSection(ProjectConfigurationPlatforms) = postSolution
		{76542DCD-3AF1-453E-BB01-8653A193E266}.Debug|Any CPU.ActiveCfg = Debug|Any CPU
		{76542DCD-3AF1-453E-BB01-8653A193E266}.Debug|Any CPU.Build.0 = Debug|Any CPU
		{76542DCD-3AF1-453E-BB01-8653A193E266}.Release|Any CPU.ActiveCfg = Release|Any CPU
		{76542DCD-3AF1-453E-BB01-8653A193E266}.Release|Any CPU.Build.0 = Release|Any CPU
		{41973499-658E-48FC-9666-72D0F996E146}.Debug|Any CPU.ActiveCfg = Debug|Any CPU
		{41973499-658E-48FC-9666-72D0F996E146}.Debug|Any CPU.Build.0 = Debug|Any CPU
		{41973499-658E-48FC-9666-72D0F996E146}.Release|Any CPU.ActiveCfg = Release|Any CPU
		{41973499-658E-48FC-9666-72D0F996E146}.Release|Any CPU.Build.0 = Release|Any CPU
		{F6AF4FA1-BBAC-42AA-86FF-6692120AABE1}.Debug|Any CPU.ActiveCfg = Debug|Any CPU
		{F6AF4FA1-BBAC-42AA-86FF-6692120AABE1}.Debug|Any CPU.Build.0 = Debug|Any CPU
		{F6AF4FA1-BBAC-42AA-86FF-6692120AABE1}.Release|Any CPU.ActiveCfg = Release|Any CPU
		{F6AF4FA1-BBAC-42AA-86FF-6692120AABE1}.Release|Any CPU.Build.0 = Release|Any CPU
	EndGlobalSection
	GlobalSection(SolutionProperties) = preSolution
		HideSolutionNode = FALSE
	EndGlobalSection
EndGlobal
