<?xml version="1.0" encoding="utf-8"?>
<Project ToolsVersion="4.0" xmlns="http://schemas.microsoft.com/developer/msbuild/2003">
  <ItemGroup>
    <Filter Include="Source Files">
      <UniqueIdentifier>{4FC737F1-C7A5-4376-A066-2A32D752A2FF}</UniqueIdentifier>
      <Extensions>cpp;c;cc;cxx;def;odl;idl;hpj;bat;asm;asmx</Extensions>
    </Filter>
    <Filter Include="Game">
      <UniqueIdentifier>{93995380-89BD-4b04-88EB-625FBE52EBFB}</UniqueIdentifier>
      <Extensions>h;hh;hpp;hxx;hm;inl;inc;xsd</Extensions>
    </Filter>
    <Filter Include="Engine">
      <UniqueIdentifier>{67DA6AB6-F800-4c08-8B7A-83BB121AAD01}</UniqueIdentifier>
      <Extensions>rc;ico;cur;bmp;dlg;rc2;rct;bin;rgs;gif;jpg;jpeg;jpe;resx;tiff;tif;png;wav;mfcribbon-ms</Extensions>
    </Filter>
    <Filter Include="Engine\Sprite">
      <UniqueIdentifier>{665bddb6-3fe7-4f6a-896c-8f847e86afb8}</UniqueIdentifier>
    </Filter>
    <Filter Include="Engine\Keyboard">
      <UniqueIdentifier>{b6920ca0-6711-4443-8068-053c70d0c901}</UniqueIdentifier>
    </Filter>
    <Filter Include="Engine\Sound">
      <UniqueIdentifier>{d305dbcb-1d10-44af-8d83-304f4eaebeb3}</UniqueIdentifier>
    </Filter>
    <Filter Include="Lib">
      <UniqueIdentifier>{3cbee6c1-c208-4e7d-a4ec-6ef181eadf9e}</UniqueIdentifier>
    </Filter>
    <Filter Include="Engine\Background">
      <UniqueIdentifier>{32d02142-04c6-4c5b-a953-7cc5c1baaddc}</UniqueIdentifier>
    </Filter>
    <Filter Include="Scene">
      <UniqueIdentifier>{a9eeab3f-e750-4210-b90d-8a0b7415fa95}</UniqueIdentifier>
    </Filter>
    <Filter Include="Math">
      <UniqueIdentifier>{2b3fed7d-5d99-424a-8f0f-dc0fc76a76fc}</UniqueIdentifier>
    </Filter>
    <Filter Include="Engine\Collision">
      <UniqueIdentifier>{9fadacdc-d6f2-4688-8789-a88425eb0fcb}</UniqueIdentifier>
    </Filter>
    <Filter Include="Engine\Box">
      <UniqueIdentifier>{6555d5c5-a568-421f-99e2-c21072eda6b3}</UniqueIdentifier>
    </Filter>
    <Filter Include="Object">
      <UniqueIdentifier>{e8c404a3-853c-4880-8e7a-ac4553b78573}</UniqueIdentifier>
    </Filter>
    <Filter Include="Object\Object">
      <UniqueIdentifier>{0e08b90f-a76f-4a5c-ad42-8a98b89b1640}</UniqueIdentifier>
    </Filter>
    <Filter Include="Engine\Map">
      <UniqueIdentifier>{5f1587a2-f392-4593-8d67-0243e7941e2e}</UniqueIdentifier>
    </Filter>
    <Filter Include="Scene\Scene1">
      <UniqueIdentifier>{95b4f370-fff0-44bb-8cb8-dc1315b72668}</UniqueIdentifier>
    </Filter>
    <Filter Include="Engine\Log">
      <UniqueIdentifier>{69d99f12-778d-4521-b754-7d53bb56c17e}</UniqueIdentifier>
    </Filter>
    <Filter Include="Object\Static">
      <UniqueIdentifier>{61b57353-839a-40ea-b041-76afe4bcdba0}</UniqueIdentifier>
    </Filter>
    <Filter Include="Scene\splash">
      <UniqueIdentifier>{70269f17-999e-4d19-aa60-60c5a2770930}</UniqueIdentifier>
    </Filter>
    <Filter Include="Engine\Text">
      <UniqueIdentifier>{9a646404-b4a9-488a-be83-8d89839b5b3f}</UniqueIdentifier>
    </Filter>
    <Filter Include="Object\Static\Items">
      <UniqueIdentifier>{59604661-455a-47bb-a47a-7093962ac8d6}</UniqueIdentifier>
    </Filter>
    <Filter Include="Object\Static\Rec">
      <UniqueIdentifier>{18a23ed7-ddfe-4894-a84c-612ac744bca3}</UniqueIdentifier>
    </Filter>
    <Filter Include="Object\Weapon">
      <UniqueIdentifier>{053831a4-0ade-4ce0-81c3-49586cb86c2f}</UniqueIdentifier>
    </Filter>
    <Filter Include="Object\Enemy">
      <UniqueIdentifier>{d8adb20a-0c3c-45ca-b253-0c2f8c521b63}</UniqueIdentifier>
    </Filter>
    <Filter Include="Interaction">
      <UniqueIdentifier>{e141c48f-4f5d-4be5-8ed4-2d2c97d9151a}</UniqueIdentifier>
    </Filter>
    <Filter Include="Interaction\Map">
      <UniqueIdentifier>{86ab8cfc-b664-40d5-a3d9-4351785083b1}</UniqueIdentifier>
    </Filter>
    <Filter Include="Object\Others">
      <UniqueIdentifier>{1fd34c11-0c4a-4de6-91bb-e7bcf000b2cf}</UniqueIdentifier>
    </Filter>
    <Filter Include="Object\Others\Hurt">
      <UniqueIdentifier>{c11da20d-f6e1-4dd7-b56a-20e74fa4867d}</UniqueIdentifier>
    </Filter>
    <Filter Include="Object\Ninja">
      <UniqueIdentifier>{23991bca-3213-48aa-afba-9874947a15c2}</UniqueIdentifier>
    </Filter>
    <Filter Include="Object\Ninja\graphics">
      <UniqueIdentifier>{76299e0c-ea50-4d3d-826b-7a6016a5e08d}</UniqueIdentifier>
    </Filter>
    <Filter Include="Object\Ninja\state">
      <UniqueIdentifier>{41a25433-2b2e-402a-97a2-d465c4b9896a}</UniqueIdentifier>
    </Filter>
    <Filter Include="Object\Ninja\state\Run">
      <UniqueIdentifier>{59ecd54c-1e20-48f4-af5f-5187d372273c}</UniqueIdentifier>
    </Filter>
    <Filter Include="Object\Ninja\state\Stand">
      <UniqueIdentifier>{26c80093-26df-4225-a7c7-07bbf2d789a2}</UniqueIdentifier>
    </Filter>
    <Filter Include="Object\Ninja\state\Jump">
      <UniqueIdentifier>{d8603419-24ad-421c-b973-189c63f05d3d}</UniqueIdentifier>
    </Filter>
    <Filter Include="Object\Ninja\state\Jump\Vertical">
      <UniqueIdentifier>{7f16c107-67eb-4a65-95e7-2a9d85894fac}</UniqueIdentifier>
    </Filter>
    <Filter Include="Object\Ninja\state\Jump\Parabol">
      <UniqueIdentifier>{98c3a89a-c168-41a7-9cd2-b01a9ed0e077}</UniqueIdentifier>
    </Filter>
    <Filter Include="Object\Enemy\SwordMan">
      <UniqueIdentifier>{f8641c63-187a-40e5-94bd-48ec060a9141}</UniqueIdentifier>
    </Filter>
    <Filter Include="Object\Enemy\SwordMan\graphics">
      <UniqueIdentifier>{7c070f0d-d419-4730-92eb-818369eda295}</UniqueIdentifier>
    </Filter>
    <Filter Include="Object\Enemy\SwordMan\state">
      <UniqueIdentifier>{f783da20-2225-460e-90c6-27a4d7af2e7f}</UniqueIdentifier>
    </Filter>
    <Filter Include="Object\Enemy\SwordMan\state\Run">
      <UniqueIdentifier>{b9338777-b6d6-4d5c-a1ef-f485e66cdb76}</UniqueIdentifier>
    </Filter>
    <Filter Include="Object\Enemy\SwordMan\state\Attack">
      <UniqueIdentifier>{b04f9a30-a4b4-4f0c-94b7-dd6836a4dece}</UniqueIdentifier>
    </Filter>
    <Filter Include="Object\Ninja\state\Attack">
      <UniqueIdentifier>{cb4abbd1-41c7-4b32-ab9c-334631f559c4}</UniqueIdentifier>
    </Filter>
    <Filter Include="Object\Ninja\state\Attack\Stand">
      <UniqueIdentifier>{28be351a-6f96-45ca-8521-fe350ad7d21e}</UniqueIdentifier>
    </Filter>
    <Filter Include="Engine\Map\Map1">
      <UniqueIdentifier>{3052a867-66d2-4d35-8c4c-3e179d95687e}</UniqueIdentifier>
    </Filter>
    <Filter Include="Engine\Map\Map2">
      <UniqueIdentifier>{ce0be549-84dd-4a9a-a0ab-0be26131f4ac}</UniqueIdentifier>
    </Filter>
    <Filter Include="Engine\Map\Map3">
      <UniqueIdentifier>{5c3fa915-c2da-49c1-8eea-b1c1ab45d42e}</UniqueIdentifier>
    </Filter>
    <Filter Include="Scene\Scene2">
      <UniqueIdentifier>{68fd13ec-fcad-4289-9230-dfb3fde63a9d}</UniqueIdentifier>
    </Filter>
    <Filter Include="Scene\Scene3">
      <UniqueIdentifier>{2fb2e3e2-2a75-4420-810c-de327492e16a}</UniqueIdentifier>
    </Filter>
    <Filter Include="Scene\SceneManager">
      <UniqueIdentifier>{12199c64-6762-4fc8-8dfb-7ae8569ff93c}</UniqueIdentifier>
    </Filter>
    <Filter Include="Object\Enemy\BirdBrown">
      <UniqueIdentifier>{f6ad04fa-4f08-4469-8d17-1d3f99cf1fb0}</UniqueIdentifier>
    </Filter>
    <Filter Include="Object\Enemy\BirdBrown\graphics">
      <UniqueIdentifier>{7ca8fda0-65a0-4632-90ae-6ee3376059f4}</UniqueIdentifier>
    </Filter>
    <Filter Include="Object\Enemy\BirdBrown\state">
      <UniqueIdentifier>{d389dc52-4676-4bf8-8c9c-359c2a3469df}</UniqueIdentifier>
    </Filter>
    <Filter Include="Object\Enemy\BirdBrown\state\Run">
      <UniqueIdentifier>{9a11c809-ce02-4c2d-8831-457b0cb0f529}</UniqueIdentifier>
    </Filter>
    <Filter Include="Object\Ninja\state\Jump\Normal">
      <UniqueIdentifier>{c4e253b8-a58a-45de-982d-23838c64550d}</UniqueIdentifier>
    </Filter>
    <Filter Include="Interaction\NinjaWithEnemy">
      <UniqueIdentifier>{a4d8d1b5-681b-4638-bb74-0b3261be38f7}</UniqueIdentifier>
    </Filter>
    <Filter Include="Object\Enemy\Banshee">
      <UniqueIdentifier>{3bf48dd5-7470-46b1-b345-09bf2365b0d9}</UniqueIdentifier>
    </Filter>
    <Filter Include="Object\Enemy\BatBrown">
      <UniqueIdentifier>{b0c895e4-2e14-405f-90c3-3de79f3bb598}</UniqueIdentifier>
    </Filter>
    <Filter Include="Object\Enemy\Dog">
      <UniqueIdentifier>{6cac1920-e93d-4e53-bccc-3a97f27c0d82}</UniqueIdentifier>
    </Filter>
    <Filter Include="Object\Enemy\MachineGunGuy">
      <UniqueIdentifier>{df64529e-1306-49cc-9f29-6d0635401303}</UniqueIdentifier>
    </Filter>
    <Filter Include="Object\Enemy\Banshee\graphics">
      <UniqueIdentifier>{e9c8a652-6d4e-4363-a3a9-5739d82a2adb}</UniqueIdentifier>
    </Filter>
    <Filter Include="Object\Enemy\Banshee\state">
      <UniqueIdentifier>{2d366671-010a-48a2-b1b8-c439f325a040}</UniqueIdentifier>
    </Filter>
    <Filter Include="Object\Enemy\BatBrown\graphics">
      <UniqueIdentifier>{ccebf717-6ff9-4ffc-9062-bb3426c1a7ba}</UniqueIdentifier>
    </Filter>
    <Filter Include="Object\Enemy\BatBrown\state">
      <UniqueIdentifier>{1003f529-3dc6-4766-807a-ce5e8ed29ce3}</UniqueIdentifier>
    </Filter>
    <Filter Include="Object\Enemy\Dog\graphics">
      <UniqueIdentifier>{7f3538ea-a442-43d3-ad25-247b9a8a3016}</UniqueIdentifier>
    </Filter>
    <Filter Include="Object\Enemy\Dog\state">
      <UniqueIdentifier>{39084d3f-f9b2-4b71-b691-79f4f5ebe24e}</UniqueIdentifier>
    </Filter>
    <Filter Include="Object\Enemy\MachineGunGuy\graphics">
      <UniqueIdentifier>{8677eaf2-2b7a-4d7f-b7fc-eb6de9f910e6}</UniqueIdentifier>
    </Filter>
    <Filter Include="Object\Enemy\MachineGunGuy\state">
      <UniqueIdentifier>{d4ae6070-a68d-4a2b-b50d-b30d4290de6c}</UniqueIdentifier>
    </Filter>
    <Filter Include="Object\Enemy\Banshee\state\Run">
      <UniqueIdentifier>{42ac9935-8e85-44fa-941c-944e8de5ba95}</UniqueIdentifier>
    </Filter>
    <Filter Include="Object\Enemy\BatBrown\state\Run">
      <UniqueIdentifier>{9b0192c6-5e04-4c8d-8ce0-635ee74deb12}</UniqueIdentifier>
    </Filter>
    <Filter Include="Object\Enemy\Dog\state\Run">
      <UniqueIdentifier>{2292d286-b7ac-4c98-ac26-2a4f3f954faf}</UniqueIdentifier>
    </Filter>
    <Filter Include="Object\Enemy\MachineGunGuy\state\Run">
      <UniqueIdentifier>{36eff8d9-0233-46ef-ba7b-9c4763f36f1c}</UniqueIdentifier>
    </Filter>
    <Filter Include="Object\Enemy\MachineGunGuySit">
      <UniqueIdentifier>{47dc5237-07ef-41e2-b929-43b3cb60e780}</UniqueIdentifier>
    </Filter>
    <Filter Include="Object\Enemy\Runner">
      <UniqueIdentifier>{b6832ed4-6243-4ec0-9c7c-5894343d8e12}</UniqueIdentifier>
    </Filter>
    <Filter Include="Object\Enemy\MachineGunGuySit\graphics">
      <UniqueIdentifier>{edb2f09a-83e8-4c4b-a800-7699c30eeffb}</UniqueIdentifier>
    </Filter>
    <Filter Include="Object\Enemy\MachineGunGuySit\state">
      <UniqueIdentifier>{d12401ef-6b1e-4309-bfcf-e55b5fc151e9}</UniqueIdentifier>
    </Filter>
    <Filter Include="Object\Enemy\Runner\graphics">
      <UniqueIdentifier>{5dea6ee9-8f22-4493-9232-186179970d28}</UniqueIdentifier>
    </Filter>
    <Filter Include="Object\Enemy\Runner\state">
      <UniqueIdentifier>{1c2c7bd2-e2d3-4f91-b5c2-dcf29e927567}</UniqueIdentifier>
    </Filter>
    <Filter Include="Object\Enemy\Runner\state\Run">
      <UniqueIdentifier>{efc29a7f-301a-4ff1-af88-3a4c87d9cedf}</UniqueIdentifier>
    </Filter>
    <Filter Include="Object\Enemy\MachineGunGuySit\state\Sit">
      <UniqueIdentifier>{b8e59d75-29ec-447e-92fe-e235dc324025}</UniqueIdentifier>
    </Filter>
    <Filter Include="Object\Static\Bird">
      <UniqueIdentifier>{4eeca784-505c-424d-b502-9d8b080e9869}</UniqueIdentifier>
    </Filter>
    <Filter Include="Object\Static\Bird\graphics">
      <UniqueIdentifier>{795c316e-e793-4ced-adfc-006e3767050f}</UniqueIdentifier>
    </Filter>
    <Filter Include="Object\Static\Bird\state">
      <UniqueIdentifier>{108b22e5-2e61-45a2-b997-79bf4e48eacf}</UniqueIdentifier>
    </Filter>
    <Filter Include="Object\Static\Bird\state\Fly">
      <UniqueIdentifier>{9ab152f6-238a-4b44-a15b-1282e761683d}</UniqueIdentifier>
    </Filter>
    <Filter Include="Object\Static\ItemContainer4">
      <UniqueIdentifier>{d70eada3-b0af-401c-b0a7-c337e62231f9}</UniqueIdentifier>
    </Filter>
    <Filter Include="Object\Static\ItemContainer4\graphics">
      <UniqueIdentifier>{f38361d9-2f71-42df-8848-53d3d2bdef06}</UniqueIdentifier>
    </Filter>
    <Filter Include="Object\Static\ItemContainer4\state">
      <UniqueIdentifier>{eeadcefd-95ef-43be-a150-ef10bb3e8e44}</UniqueIdentifier>
    </Filter>
    <Filter Include="Object\Static\ItemContainer4\state\Run">
      <UniqueIdentifier>{4a5ed55a-78d6-4a11-b06c-c6d224fdca66}</UniqueIdentifier>
    </Filter>
    <Filter Include="Engine\Quadtree">
      <UniqueIdentifier>{b4d791e8-f3f7-4a3e-a495-a9513a12d52e}</UniqueIdentifier>
    </Filter>
    <Filter Include="Engine\Quadtree\QNode">
      <UniqueIdentifier>{cc1c01b0-4b5a-4e64-aee2-65c719879131}</UniqueIdentifier>
    </Filter>
    <Filter Include="Engine\Quadtree\QRegion">
      <UniqueIdentifier>{0d6cd572-5396-4bf8-ad82-9afd91eec195}</UniqueIdentifier>
    </Filter>
    <Filter Include="Engine\Quadtree\QParse">
      <UniqueIdentifier>{e80eaff4-e81d-476b-9d36-fb5266ac07a0}</UniqueIdentifier>
    </Filter>
    <Filter Include="Engine\Quadtree\QParse\NodeIdLevelParse">
      <UniqueIdentifier>{eab7651b-2032-4efa-83c0-e62ccceb9be2}</UniqueIdentifier>
    </Filter>
    <Filter Include="Engine\Quadtree\QParse\ObjectGameParse">
      <UniqueIdentifier>{8c84a76f-058e-4166-955e-0dad64a8bf5f}</UniqueIdentifier>
    </Filter>
    <Filter Include="Engine\Quadtree\QParse\RegionParse">
      <UniqueIdentifier>{8a1c1e09-1d2f-4949-ac20-16a102abebdf}</UniqueIdentifier>
    </Filter>
    <Filter Include="Object\Boss">
      <UniqueIdentifier>{a8590fd7-c077-4868-bc59-8043f9263d73}</UniqueIdentifier>
    </Filter>
    <Filter Include="Object\Boss\Boss3">
      <UniqueIdentifier>{a1dbada8-3449-4b9b-9d0a-9f667c75657a}</UniqueIdentifier>
    </Filter>
    <Filter Include="Object\Boss\Boss3\graphics">
      <UniqueIdentifier>{66bf8671-bc10-49b5-8630-9408db2af9e7}</UniqueIdentifier>
    </Filter>
    <Filter Include="Object\Boss\Boss3\state">
      <UniqueIdentifier>{9ff3e2ef-1072-49c9-a474-95b87f8f5d90}</UniqueIdentifier>
    </Filter>
    <Filter Include="Object\Boss\Boss3\state\Stand">
      <UniqueIdentifier>{85a1d2dd-4f75-4753-a8f8-030ed0b31c51}</UniqueIdentifier>
    </Filter>
    <Filter Include="Object\Boss\Boss3\state\Jump">
      <UniqueIdentifier>{988989ea-1317-4499-af3a-dce2498b8869}</UniqueIdentifier>
    </Filter>
  </ItemGroup>
  <ItemGroup>
    <ClCompile Include="main.cpp">
      <Filter>Source Files</Filter>
    </ClCompile>
    <ClCompile Include="Game.cpp">
      <Filter>Game</Filter>
    </ClCompile>
    <ClCompile Include="Utils.cpp">
      <Filter>Source Files</Filter>
    </ClCompile>
    <ClCompile Include="MyWindows.cpp">
      <Filter>Game</Filter>
    </ClCompile>
    <ClCompile Include="Sprite.cpp">
      <Filter>Engine\Sprite</Filter>
    </ClCompile>
    <ClCompile Include="Graphics.cpp">
      <Filter>Game</Filter>
    </ClCompile>
    <ClCompile Include="Keyboard.cpp">
      <Filter>Engine\Keyboard</Filter>
    </ClCompile>
    <ClCompile Include="dxaudio.cpp">
      <Filter>Lib</Filter>
    </ClCompile>
    <ClCompile Include="Audio.cpp">
      <Filter>Engine\Sound</Filter>
    </ClCompile>
    <ClCompile Include="Camera.cpp">
      <Filter>Game</Filter>
    </ClCompile>
    <ClCompile Include="Background.cpp">
      <Filter>Engine\Background</Filter>
    </ClCompile>
    <ClCompile Include="Scene.cpp">
      <Filter>Scene</Filter>
    </ClCompile>
    <ClCompile Include="MyMath.cpp">
      <Filter>Math</Filter>
    </ClCompile>
    <ClCompile Include="Collision.cpp">
      <Filter>Engine\Collision</Filter>
    </ClCompile>
    <ClCompile Include="Box.cpp">
      <Filter>Engine\Box</Filter>
    </ClCompile>
    <ClCompile Include="Object.cpp">
      <Filter>Object\Object</Filter>
    </ClCompile>
    <ClCompile Include="Map.cpp">
      <Filter>Engine\Map</Filter>
    </ClCompile>
    <ClCompile Include="Scene1.cpp">
      <Filter>Scene\Scene1</Filter>
    </ClCompile>
    <ClCompile Include="Log.cpp">
      <Filter>Engine\Log</Filter>
    </ClCompile>
    <ClCompile Include="SplashScene.cpp">
      <Filter>Scene\splash</Filter>
    </ClCompile>
    <ClCompile Include="GameScene.cpp">
      <Filter>Scene</Filter>
    </ClCompile>
    <ClCompile Include="Text.cpp">
      <Filter>Engine\Text</Filter>
    </ClCompile>
    <ClCompile Include="Rec.cpp">
      <Filter>Object\Static\Rec</Filter>
    </ClCompile>
    <ClCompile Include="Enemy.cpp">
      <Filter>Object\Enemy</Filter>
    </ClCompile>
    <ClCompile Include="Interaction.cpp">
      <Filter>Interaction</Filter>
    </ClCompile>
    <ClCompile Include="ObjectWithMap.cpp">
      <Filter>Interaction\Map</Filter>
    </ClCompile>
    <ClCompile Include="PhisicalInteraction.cpp">
      <Filter>Interaction</Filter>
    </ClCompile>
    <ClCompile Include="Item.cpp">
      <Filter>Object\Static\Items</Filter>
    </ClCompile>
    <ClCompile Include="Static.cpp">
      <Filter>Object\Static</Filter>
    </ClCompile>
    <ClCompile Include="Hurt.cpp">
      <Filter>Object\Others\Hurt</Filter>
    </ClCompile>
    <ClCompile Include="Weapon.cpp">
      <Filter>Object\Weapon</Filter>
    </ClCompile>
    <ClCompile Include="NinjaState.cpp">
      <Filter>Object\Ninja</Filter>
    </ClCompile>
    <ClCompile Include="NinjaGraphics.cpp">
      <Filter>Object\Ninja\graphics</Filter>
    </ClCompile>
    <ClCompile Include="NinjaRunLeft.cpp">
      <Filter>Object\Ninja\state\Run</Filter>
    </ClCompile>
    <ClCompile Include="NinjaRunRight.cpp">
      <Filter>Object\Ninja\state\Run</Filter>
    </ClCompile>
    <ClCompile Include="NinjaStandLeft.cpp">
      <Filter>Object\Ninja\state\Stand</Filter>
    </ClCompile>
    <ClCompile Include="NinjaStandRight.cpp">
      <Filter>Object\Ninja\state\Stand</Filter>
    </ClCompile>
    <ClCompile Include="NinjaControl.cpp">
      <Filter>Object\Ninja</Filter>
    </ClCompile>
    <ClCompile Include="Ninja.cpp">
      <Filter>Object\Ninja</Filter>
    </ClCompile>
    <ClCompile Include="JumpVerticalRight.cpp">
      <Filter>Object\Ninja\state\Jump\Vertical</Filter>
    </ClCompile>
    <ClCompile Include="JumpParabolLeft.cpp">
      <Filter>Object\Ninja\state\Jump\Parabol</Filter>
    </ClCompile>
    <ClCompile Include="JumpParabolRight.cpp">
      <Filter>Object\Ninja\state\Jump\Parabol</Filter>
    </ClCompile>
    <ClCompile Include="JumpVerticalLeft.cpp">
      <Filter>Object\Ninja\state\Jump\Vertical</Filter>
    </ClCompile>
    <ClCompile Include="SwordManState.cpp">
      <Filter>Object\Enemy\SwordMan</Filter>
    </ClCompile>
    <ClCompile Include="SwordManControl.cpp">
      <Filter>Object\Enemy\SwordMan</Filter>
    </ClCompile>
    <ClCompile Include="SwordMan.cpp">
      <Filter>Object\Enemy\SwordMan</Filter>
    </ClCompile>
    <ClCompile Include="SwordManGraphics.cpp">
      <Filter>Object\Enemy\SwordMan\graphics</Filter>
    </ClCompile>
    <ClCompile Include="SwordManAttackLeft.cpp">
      <Filter>Object\Enemy\SwordMan\state\Attack</Filter>
    </ClCompile>
    <ClCompile Include="SwordManAttackRight.cpp">
      <Filter>Object\Enemy\SwordMan\state\Attack</Filter>
    </ClCompile>
    <ClCompile Include="SwordManRunLeft.cpp">
      <Filter>Object\Enemy\SwordMan\state\Run</Filter>
    </ClCompile>
    <ClCompile Include="SwordManRunRight.cpp">
      <Filter>Object\Enemy\SwordMan\state\Run</Filter>
    </ClCompile>
    <ClCompile Include="NinjaAttackRight.cpp">
      <Filter>Object\Ninja\state\Attack\Stand</Filter>
    </ClCompile>
    <ClCompile Include="NinjaAttackLeft.cpp">
      <Filter>Object\Ninja\state\Attack\Stand</Filter>
    </ClCompile>
    <ClCompile Include="Map1.cpp">
      <Filter>Engine\Map\Map1</Filter>
    </ClCompile>
    <ClCompile Include="Map2.cpp">
      <Filter>Engine\Map\Map2</Filter>
    </ClCompile>
    <ClCompile Include="Map3.cpp">
      <Filter>Engine\Map\Map3</Filter>
    </ClCompile>
    <ClCompile Include="Scene3.cpp">
      <Filter>Scene\Scene3</Filter>
    </ClCompile>
    <ClCompile Include="Scene2.cpp">
      <Filter>Scene\Scene2</Filter>
    </ClCompile>
    <ClCompile Include="SceneManager.cpp">
      <Filter>Scene\SceneManager</Filter>
    </ClCompile>
    <ClCompile Include="BirdBrownGraphics.cpp">
      <Filter>Object\Enemy\BirdBrown\graphics</Filter>
    </ClCompile>
    <ClCompile Include="BirdBrownRunLeft.cpp">
      <Filter>Object\Enemy\BirdBrown\state\Run</Filter>
    </ClCompile>
    <ClCompile Include="BirdBrownRunRight.cpp">
      <Filter>Object\Enemy\BirdBrown\state\Run</Filter>
    </ClCompile>
    <ClCompile Include="BirdBrown.cpp">
      <Filter>Object\Enemy\BirdBrown</Filter>
    </ClCompile>
    <ClCompile Include="BirdBrownControl.cpp">
      <Filter>Object\Enemy\BirdBrown</Filter>
    </ClCompile>
    <ClCompile Include="BirdBrownState.cpp">
      <Filter>Object\Enemy\BirdBrown</Filter>
    </ClCompile>
    <ClCompile Include="JumpNormalLeft.cpp">
      <Filter>Object\Ninja\state\Jump\Normal</Filter>
    </ClCompile>
    <ClCompile Include="JumpNormalRight.cpp">
      <Filter>Object\Ninja\state\Jump\Normal</Filter>
    </ClCompile>
    <ClCompile Include="NinjaWithEnemy.cpp">
      <Filter>Interaction\NinjaWithEnemy</Filter>
    </ClCompile>
    <ClCompile Include="MachineGunGuyState.cpp">
      <Filter>Object\Enemy\MachineGunGuy</Filter>
    </ClCompile>
    <ClCompile Include="ItemContainer4State.cpp">
      <Filter>Object\Static\ItemContainer4</Filter>
    </ClCompile>
    <ClCompile Include="DogState.cpp">
      <Filter>Object\Enemy\Dog</Filter>
    </ClCompile>
    <ClCompile Include="BatBrownState.cpp">
      <Filter>Object\Enemy\BatBrown</Filter>
    </ClCompile>
    <ClCompile Include="BansheeState.cpp">
      <Filter>Object\Enemy\Banshee</Filter>
    </ClCompile>
    <ClCompile Include="BansheeGraphics.cpp">
      <Filter>Object\Enemy\Banshee\graphics</Filter>
    </ClCompile>
    <ClCompile Include="Banshee.cpp">
      <Filter>Object\Enemy\Banshee</Filter>
    </ClCompile>
    <ClCompile Include="BansheeControl.cpp">
      <Filter>Object\Enemy\Banshee</Filter>
    </ClCompile>
    <ClCompile Include="BansheeRunLeft.cpp">
      <Filter>Object\Enemy\Banshee\state\Run</Filter>
    </ClCompile>
    <ClCompile Include="BansheeRunRight.cpp">
      <Filter>Object\Enemy\Banshee\state\Run</Filter>
    </ClCompile>
    <ClCompile Include="BatBrownControl.cpp">
      <Filter>Object\Enemy\BatBrown</Filter>
    </ClCompile>
    <ClCompile Include="BatBrown.cpp">
      <Filter>Object\Enemy\BatBrown</Filter>
    </ClCompile>
    <ClCompile Include="BatBrownGraphics.cpp">
      <Filter>Object\Enemy\BatBrown\graphics</Filter>
    </ClCompile>
    <ClCompile Include="BatBrownRunLeft.cpp">
      <Filter>Object\Enemy\BatBrown\state\Run</Filter>
    </ClCompile>
    <ClCompile Include="BatBrownRunRight.cpp">
      <Filter>Object\Enemy\BatBrown\state\Run</Filter>
    </ClCompile>
    <ClCompile Include="DogGraphics.cpp">
      <Filter>Object\Enemy\Dog\graphics</Filter>
    </ClCompile>
    <ClCompile Include="DogRunLeft.cpp">
      <Filter>Object\Enemy\Dog\state\Run</Filter>
    </ClCompile>
    <ClCompile Include="DogRunRight.cpp">
      <Filter>Object\Enemy\Dog\state\Run</Filter>
    </ClCompile>
    <ClCompile Include="Dog.cpp">
      <Filter>Object\Enemy\Dog</Filter>
    </ClCompile>
    <ClCompile Include="DogControl.cpp">
      <Filter>Object\Enemy\Dog</Filter>
    </ClCompile>
    <ClCompile Include="MachineGunGuyGraphics.cpp">
      <Filter>Object\Enemy\MachineGunGuy\graphics</Filter>
    </ClCompile>
    <ClCompile Include="MachineGunGuyRunLeft.cpp">
      <Filter>Object\Enemy\MachineGunGuy\state\Run</Filter>
    </ClCompile>
    <ClCompile Include="MachineGunGuyRunRight.cpp">
      <Filter>Object\Enemy\MachineGunGuy\state\Run</Filter>
    </ClCompile>
    <ClCompile Include="MachineGunGuy.cpp">
      <Filter>Object\Enemy\MachineGunGuy</Filter>
    </ClCompile>
    <ClCompile Include="MachineGunGuyControl.cpp">
      <Filter>Object\Enemy\MachineGunGuy</Filter>
    </ClCompile>
    <ClCompile Include="ItemContainer4Graphics.cpp">
      <Filter>Object\Static\ItemContainer4\graphics</Filter>
    </ClCompile>
    <ClCompile Include="ItemContainer4RunLeft.cpp">
      <Filter>Object\Static\ItemContainer4\state\Run</Filter>
    </ClCompile>
    <ClCompile Include="ItemContainer4RunRight.cpp">
      <Filter>Object\Static\ItemContainer4\state\Run</Filter>
    </ClCompile>
    <ClCompile Include="ItemContainer4.cpp">
      <Filter>Object\Static\ItemContainer4</Filter>
    </ClCompile>
    <ClCompile Include="ItemContainer4Control.cpp">
      <Filter>Object\Static\ItemContainer4</Filter>
    </ClCompile>
    <ClCompile Include="RunnerGraphics.cpp">
      <Filter>Object\Enemy\Runner\graphics</Filter>
    </ClCompile>
    <ClCompile Include="RunnerRunLeft.cpp">
      <Filter>Object\Enemy\Runner\state\Run</Filter>
    </ClCompile>
    <ClCompile Include="RunnerRunRight.cpp">
      <Filter>Object\Enemy\Runner\state\Run</Filter>
    </ClCompile>
    <ClCompile Include="Runner.cpp">
      <Filter>Object\Enemy\Runner</Filter>
    </ClCompile>
    <ClCompile Include="RunnerControl.cpp">
      <Filter>Object\Enemy\Runner</Filter>
    </ClCompile>
    <ClCompile Include="RunnerState.cpp">
      <Filter>Object\Enemy\Runner</Filter>
    </ClCompile>
    <ClCompile Include="MachineGunGuySit.cpp">
      <Filter>Object\Enemy\MachineGunGuySit</Filter>
    </ClCompile>
    <ClCompile Include="MachineGunGuySitState.cpp">
      <Filter>Object\Enemy\MachineGunGuySit</Filter>
    </ClCompile>
    <ClCompile Include="MachineGunGuySitControl.cpp">
      <Filter>Object\Enemy\MachineGunGuySit</Filter>
    </ClCompile>
    <ClCompile Include="MachineGunGuySitGraphics.cpp">
      <Filter>Object\Enemy\MachineGunGuySit\graphics</Filter>
    </ClCompile>
    <ClCompile Include="MachineGunGuySitSitLeft.cpp">
      <Filter>Object\Enemy\MachineGunGuySit\state\Sit</Filter>
    </ClCompile>
    <ClCompile Include="MachineGunGuySitSitRight.cpp">
      <Filter>Object\Enemy\MachineGunGuySit\state\Sit</Filter>
    </ClCompile>
    <ClCompile Include="BirdGraphics.cpp">
      <Filter>Object\Static\Bird\graphics</Filter>
    </ClCompile>
    <ClCompile Include="BirdFlyLeft.cpp">
      <Filter>Object\Static\Bird\state\Fly</Filter>
    </ClCompile>
    <ClCompile Include="BirdFlyRight.cpp">
      <Filter>Object\Static\Bird\state\Fly</Filter>
    </ClCompile>
    <ClCompile Include="Bird.cpp">
      <Filter>Object\Static\Bird</Filter>
    </ClCompile>
    <ClCompile Include="BirdControl.cpp">
      <Filter>Object\Static\Bird</Filter>
    </ClCompile>
    <ClCompile Include="BirdState.cpp">
      <Filter>Object\Static\Bird</Filter>
    </ClCompile>
    <ClCompile Include="QRegion.cpp">
      <Filter>Engine\Quadtree\QRegion</Filter>
    </ClCompile>
    <ClCompile Include="QNode.cpp">
      <Filter>Engine\Quadtree\QNode</Filter>
    </ClCompile>
    <ClCompile Include="QParse.cpp">
      <Filter>Engine\Quadtree\QParse</Filter>
    </ClCompile>
    <ClCompile Include="NodeIdLevelParse.cpp">
      <Filter>Engine\Quadtree\QParse\NodeIdLevelParse</Filter>
    </ClCompile>
    <ClCompile Include="RegionParse.cpp">
      <Filter>Engine\Quadtree\QParse\RegionParse</Filter>
    </ClCompile>
    <ClCompile Include="ObjectGameParse.cpp">
      <Filter>Engine\Quadtree\QParse\ObjectGameParse</Filter>
    </ClCompile>
    <ClCompile Include="Boss3Graphics.cpp">
      <Filter>Object\Boss\Boss3\graphics</Filter>
    </ClCompile>
    <ClCompile Include="Boss3State.cpp">
      <Filter>Object\Boss\Boss3</Filter>
    </ClCompile>
    <ClCompile Include="Boss3Control.cpp">
      <Filter>Object\Boss\Boss3</Filter>
    </ClCompile>
    <ClCompile Include="Boss3.cpp">
      <Filter>Object\Boss\Boss3</Filter>
    </ClCompile>
    <ClCompile Include="Boss3StandLeft.cpp">
      <Filter>Object\Boss\Boss3\state\Stand</Filter>
    </ClCompile>
    <ClCompile Include="Boss3StandRight.cpp">
      <Filter>Object\Boss\Boss3\state\Stand</Filter>
    </ClCompile>
    <ClCompile Include="Boss3JumpLeft.cpp">
      <Filter>Object\Boss\Boss3\state\Jump</Filter>
    </ClCompile>
    <ClCompile Include="Boss3JumpRight.cpp">
      <Filter>Object\Boss\Boss3\state\Jump</Filter>
    </ClCompile>
  </ItemGroup>
  <ItemGroup>
    <ClInclude Include="Game.h">
      <Filter>Game</Filter>
    </ClInclude>
    <ClInclude Include="Utils.h">
      <Filter>Source Files</Filter>
    </ClInclude>
    <ClInclude Include="MyWindows.h">
      <Filter>Game</Filter>
    </ClInclude>
    <ClInclude Include="Sprite.h">
      <Filter>Engine\Sprite</Filter>
    </ClInclude>
    <ClInclude Include="Graphics.h">
      <Filter>Game</Filter>
    </ClInclude>
    <ClInclude Include="Keyboard.h">
      <Filter>Engine\Keyboard</Filter>
    </ClInclude>
    <ClInclude Include="Audio.h">
      <Filter>Engine\Sound</Filter>
    </ClInclude>
    <ClInclude Include="Camera.h">
      <Filter>Game</Filter>
    </ClInclude>
    <ClInclude Include="Background.h">
      <Filter>Engine\Background</Filter>
    </ClInclude>
    <ClInclude Include="Scene.h">
      <Filter>Scene</Filter>
    </ClInclude>
    <ClInclude Include="MyMath.h">
      <Filter>Math</Filter>
    </ClInclude>
    <ClInclude Include="Collision.h">
      <Filter>Engine\Collision</Filter>
    </ClInclude>
    <ClInclude Include="Box.h">
      <Filter>Engine\Box</Filter>
    </ClInclude>
    <ClInclude Include="Object.h">
      <Filter>Object\Object</Filter>
    </ClInclude>
    <ClInclude Include="Map.h">
      <Filter>Engine\Map</Filter>
    </ClInclude>
    <ClInclude Include="Scene1.h">
      <Filter>Scene\Scene1</Filter>
    </ClInclude>
    <ClInclude Include="Log.h">
      <Filter>Engine\Log</Filter>
    </ClInclude>
    <ClInclude Include="SplashScene.h">
      <Filter>Scene\splash</Filter>
    </ClInclude>
    <ClInclude Include="GameScene.h">
      <Filter>Scene</Filter>
    </ClInclude>
    <ClInclude Include="Text.h">
      <Filter>Engine\Text</Filter>
    </ClInclude>
    <ClInclude Include="Rec.h">
      <Filter>Object\Static\Rec</Filter>
    </ClInclude>
    <ClInclude Include="Enemy.h">
      <Filter>Object\Enemy</Filter>
    </ClInclude>
    <ClInclude Include="Interaction.h">
      <Filter>Interaction</Filter>
    </ClInclude>
    <ClInclude Include="ObjectWithMap.h">
      <Filter>Interaction\Map</Filter>
    </ClInclude>
    <ClInclude Include="PhysicalInteraction.h">
      <Filter>Interaction</Filter>
    </ClInclude>
    <ClInclude Include="Item.h">
      <Filter>Object\Static\Items</Filter>
    </ClInclude>
    <ClInclude Include="Static.h">
      <Filter>Object\Static</Filter>
    </ClInclude>
    <ClInclude Include="Hurt.h">
      <Filter>Object\Others\Hurt</Filter>
    </ClInclude>
    <ClInclude Include="Weapon.h">
      <Filter>Object\Weapon</Filter>
    </ClInclude>
    <ClInclude Include="NinjaState.h">
      <Filter>Object\Ninja</Filter>
    </ClInclude>
    <ClInclude Include="NinjaGraphics.h">
      <Filter>Object\Ninja\graphics</Filter>
    </ClInclude>
    <ClInclude Include="NinjaRunLeft.h">
      <Filter>Object\Ninja\state\Run</Filter>
    </ClInclude>
    <ClInclude Include="NinjaRunRight.h">
      <Filter>Object\Ninja\state\Run</Filter>
    </ClInclude>
    <ClInclude Include="NinjaStandLeft.h">
      <Filter>Object\Ninja\state\Stand</Filter>
    </ClInclude>
    <ClInclude Include="NinjaStandRight.h">
      <Filter>Object\Ninja\state\Stand</Filter>
    </ClInclude>
    <ClInclude Include="Ninja.h">
      <Filter>Object\Ninja</Filter>
    </ClInclude>
    <ClInclude Include="NinjaControl.h">
      <Filter>Object\Ninja</Filter>
    </ClInclude>
    <ClInclude Include="JumpVerticalLeft.h">
      <Filter>Object\Ninja\state\Jump\Vertical</Filter>
    </ClInclude>
    <ClInclude Include="JumpVerticalRight.h">
      <Filter>Object\Ninja\state\Jump\Vertical</Filter>
    </ClInclude>
    <ClInclude Include="JumpParabolLeft.h">
      <Filter>Object\Ninja\state\Jump\Parabol</Filter>
    </ClInclude>
    <ClInclude Include="JumpParabolRight.h">
      <Filter>Object\Ninja\state\Jump\Parabol</Filter>
    </ClInclude>
    <ClInclude Include="SwordMan.h">
      <Filter>Object\Enemy\SwordMan</Filter>
    </ClInclude>
    <ClInclude Include="SwordManControl.h">
      <Filter>Object\Enemy\SwordMan</Filter>
    </ClInclude>
    <ClInclude Include="SwordManState.h">
      <Filter>Object\Enemy\SwordMan</Filter>
    </ClInclude>
    <ClInclude Include="SwordManGraphics.h">
      <Filter>Object\Enemy\SwordMan\graphics</Filter>
    </ClInclude>
    <ClInclude Include="SwordManRunLeft.h">
      <Filter>Object\Enemy\SwordMan\state\Run</Filter>
    </ClInclude>
    <ClInclude Include="SwordManRunRight.h">
      <Filter>Object\Enemy\SwordMan\state\Run</Filter>
    </ClInclude>
    <ClInclude Include="SwordManAttackLeft.h">
      <Filter>Object\Enemy\SwordMan\state\Attack</Filter>
    </ClInclude>
    <ClInclude Include="SwordManAttackRight.h">
      <Filter>Object\Enemy\SwordMan\state\Attack</Filter>
    </ClInclude>
    <ClInclude Include="NinjaAttackRight.h">
      <Filter>Object\Ninja\state\Attack\Stand</Filter>
    </ClInclude>
    <ClInclude Include="NinjaAttackLeft.h">
      <Filter>Object\Ninja\state\Attack\Stand</Filter>
    </ClInclude>
    <ClInclude Include="Map1.h">
      <Filter>Engine\Map\Map1</Filter>
    </ClInclude>
    <ClInclude Include="Map2.h">
      <Filter>Engine\Map\Map2</Filter>
    </ClInclude>
    <ClInclude Include="Map3.h">
      <Filter>Engine\Map\Map3</Filter>
    </ClInclude>
    <ClInclude Include="Scene2.h">
      <Filter>Scene\Scene2</Filter>
    </ClInclude>
    <ClInclude Include="Scene3.h">
      <Filter>Scene\Scene3</Filter>
    </ClInclude>
    <ClInclude Include="SceneManager.h">
      <Filter>Scene\SceneManager</Filter>
    </ClInclude>
    <ClInclude Include="BirdBrownRunLeft.h">
      <Filter>Object\Enemy\BirdBrown\state\Run</Filter>
    </ClInclude>
    <ClInclude Include="BirdBrownRunRight.h">
      <Filter>Object\Enemy\BirdBrown\state\Run</Filter>
    </ClInclude>
    <ClInclude Include="BirdBrown.h">
      <Filter>Object\Enemy\BirdBrown</Filter>
    </ClInclude>
    <ClInclude Include="BirdBrownControl.h">
      <Filter>Object\Enemy\BirdBrown</Filter>
    </ClInclude>
    <ClInclude Include="BirdBrownState.h">
      <Filter>Object\Enemy\BirdBrown</Filter>
    </ClInclude>
    <ClInclude Include="BirdBrownGraphics.h">
      <Filter>Object\Enemy\BirdBrown\graphics</Filter>
    </ClInclude>
    <ClInclude Include="JumpNormalLeft.h">
      <Filter>Object\Ninja\state\Jump\Normal</Filter>
    </ClInclude>
    <ClInclude Include="JumpNormalRight.h">
      <Filter>Object\Ninja\state\Jump\Normal</Filter>
    </ClInclude>
    <ClInclude Include="NinjaWithEnemy.h">
      <Filter>Interaction\NinjaWithEnemy</Filter>
    </ClInclude>
    <ClInclude Include="BansheeState.h">
      <Filter>Object\Enemy\Banshee</Filter>
    </ClInclude>
    <ClInclude Include="BatBrownState.h">
      <Filter>Object\Enemy\BatBrown</Filter>
    </ClInclude>
    <ClInclude Include="DogState.h">
      <Filter>Object\Enemy\Dog</Filter>
    </ClInclude>
    <ClInclude Include="ItemContainer4State.h">
      <Filter>Object\Static\ItemContainer4</Filter>
    </ClInclude>
    <ClInclude Include="MachineGunGuyState.h">
      <Filter>Object\Enemy\MachineGunGuy</Filter>
    </ClInclude>
    <ClInclude Include="BansheeControl.h">
      <Filter>Object\Enemy\Banshee</Filter>
    </ClInclude>
    <ClInclude Include="Banshee.h">
      <Filter>Object\Enemy\Banshee</Filter>
    </ClInclude>
    <ClInclude Include="BansheeGraphics.h">
      <Filter>Object\Enemy\Banshee\graphics</Filter>
    </ClInclude>
    <ClInclude Include="BansheeRunLeft.h">
      <Filter>Object\Enemy\Banshee\state\Run</Filter>
    </ClInclude>
    <ClInclude Include="BansheeRunRight.h">
      <Filter>Object\Enemy\Banshee\state\Run</Filter>
    </ClInclude>
    <ClInclude Include="BatBrownGraphics.h">
      <Filter>Object\Enemy\BatBrown\graphics</Filter>
    </ClInclude>
    <ClInclude Include="BatBrownRunLeft.h">
      <Filter>Object\Enemy\BatBrown\state\Run</Filter>
    </ClInclude>
    <ClInclude Include="BatBrownRunRight.h">
      <Filter>Object\Enemy\BatBrown\state\Run</Filter>
    </ClInclude>
    <ClInclude Include="BatBrownControl.h">
      <Filter>Object\Enemy\BatBrown</Filter>
    </ClInclude>
    <ClInclude Include="BatBrown.h">
      <Filter>Object\Enemy\BatBrown</Filter>
    </ClInclude>
    <ClInclude Include="DogGraphics.h">
      <Filter>Object\Enemy\Dog\graphics</Filter>
    </ClInclude>
    <ClInclude Include="Dog.h">
      <Filter>Object\Enemy\Dog</Filter>
    </ClInclude>
    <ClInclude Include="DogControl.h">
      <Filter>Object\Enemy\Dog</Filter>
    </ClInclude>
    <ClInclude Include="DogRunLeft.h">
      <Filter>Object\Enemy\Dog\state\Run</Filter>
    </ClInclude>
    <ClInclude Include="DogRunRight.h">
      <Filter>Object\Enemy\Dog\state\Run</Filter>
    </ClInclude>
    <ClInclude Include="MachineGunGuyRunLeft.h">
      <Filter>Object\Enemy\MachineGunGuy\state\Run</Filter>
    </ClInclude>
    <ClInclude Include="MachineGunGuyRunRight.h">
      <Filter>Object\Enemy\MachineGunGuy\state\Run</Filter>
    </ClInclude>
    <ClInclude Include="MachineGunGuy.h">
      <Filter>Object\Enemy\MachineGunGuy</Filter>
    </ClInclude>
    <ClInclude Include="MachineGunGuyGraphics.h">
      <Filter>Object\Enemy\MachineGunGuy\graphics</Filter>
    </ClInclude>
    <ClInclude Include="MachineGunGuyControl.h">
      <Filter>Object\Enemy\MachineGunGuy</Filter>
    </ClInclude>
    <ClInclude Include="ItemContainer4Graphics.h">
      <Filter>Object\Static\ItemContainer4\graphics</Filter>
    </ClInclude>
    <ClInclude Include="ItemContainer4RunLeft.h">
      <Filter>Object\Static\ItemContainer4\state\Run</Filter>
    </ClInclude>
    <ClInclude Include="ItemContainer4RunRight.h">
      <Filter>Object\Static\ItemContainer4\state\Run</Filter>
    </ClInclude>
    <ClInclude Include="ItemContainer4.h">
      <Filter>Object\Static\ItemContainer4</Filter>
    </ClInclude>
    <ClInclude Include="ItemContainer4Control.h">
      <Filter>Object\Static\ItemContainer4</Filter>
    </ClInclude>
    <ClInclude Include="Runner.h">
      <Filter>Object\Enemy\Runner</Filter>
    </ClInclude>
    <ClInclude Include="RunnerState.h">
      <Filter>Object\Enemy\Runner</Filter>
    </ClInclude>
    <ClInclude Include="RunnerControl.h">
      <Filter>Object\Enemy\Runner</Filter>
    </ClInclude>
    <ClInclude Include="RunnerGraphics.h">
      <Filter>Object\Enemy\Runner\graphics</Filter>
    </ClInclude>
    <ClInclude Include="RunnerRunLeft.h">
      <Filter>Object\Enemy\Runner\state\Run</Filter>
    </ClInclude>
    <ClInclude Include="RunnerRunRight.h">
      <Filter>Object\Enemy\Runner\state\Run</Filter>
    </ClInclude>
    <ClInclude Include="MachineGunGuySit.h">
      <Filter>Object\Enemy\MachineGunGuySit</Filter>
    </ClInclude>
    <ClInclude Include="MachineGunGuySitState.h">
      <Filter>Object\Enemy\MachineGunGuySit</Filter>
    </ClInclude>
    <ClInclude Include="MachineGunGuySitControl.h">
      <Filter>Object\Enemy\MachineGunGuySit</Filter>
    </ClInclude>
    <ClInclude Include="MachineGunGuySitGraphics.h">
      <Filter>Object\Enemy\MachineGunGuySit\graphics</Filter>
    </ClInclude>
    <ClInclude Include="MachineGunGuySitSitLeft.h">
      <Filter>Object\Enemy\MachineGunGuySit\state\Sit</Filter>
    </ClInclude>
    <ClInclude Include="MachineGunGuySitSitRight.h">
      <Filter>Object\Enemy\MachineGunGuySit\state\Sit</Filter>
    </ClInclude>
    <ClInclude Include="BirdGraphics.h">
      <Filter>Object\Static\Bird\graphics</Filter>
    </ClInclude>
    <ClInclude Include="BirdFlyLeft.h">
      <Filter>Object\Static\Bird\state\Fly</Filter>
    </ClInclude>
    <ClInclude Include="BirdFlyRight.h">
      <Filter>Object\Static\Bird\state\Fly</Filter>
    </ClInclude>
    <ClInclude Include="Bird.h">
      <Filter>Object\Static\Bird</Filter>
    </ClInclude>
    <ClInclude Include="BirdControl.h">
      <Filter>Object\Static\Bird</Filter>
    </ClInclude>
    <ClInclude Include="BirdState.h">
      <Filter>Object\Static\Bird</Filter>
    </ClInclude>
    <ClInclude Include="QRegion.h">
      <Filter>Engine\Quadtree\QRegion</Filter>
    </ClInclude>
    <ClInclude Include="QNode.h">
      <Filter>Engine\Quadtree\QNode</Filter>
    </ClInclude>
    <ClInclude Include="QParse.h">
      <Filter>Engine\Quadtree\QParse</Filter>
    </ClInclude>
    <ClInclude Include="NodeIdLevelParse.h">
      <Filter>Engine\Quadtree\QParse\NodeIdLevelParse</Filter>
    </ClInclude>
    <ClInclude Include="RegionParse.h">
      <Filter>Engine\Quadtree\QParse\RegionParse</Filter>
    </ClInclude>
    <ClInclude Include="ObjectGameParse.h">
      <Filter>Engine\Quadtree\QParse\ObjectGameParse</Filter>
    </ClInclude>
    <ClInclude Include="Boss3State.h">
      <Filter>Object\Boss\Boss3</Filter>
    </ClInclude>
    <ClInclude Include="Boss3Control.h">
      <Filter>Object\Boss\Boss3</Filter>
    </ClInclude>
    <ClInclude Include="Boss3.h">
      <Filter>Object\Boss\Boss3</Filter>
    </ClInclude>
    <ClInclude Include="Boss3Graphics.h">
      <Filter>Object\Boss\Boss3\graphics</Filter>
    </ClInclude>
    <ClInclude Include="Boss3StandLeft.h">
      <Filter>Object\Boss\Boss3\state\Stand</Filter>
    </ClInclude>
    <ClInclude Include="Boss3StandRight.h">
      <Filter>Object\Boss\Boss3\state\Stand</Filter>
    </ClInclude>
    <ClInclude Include="Boss3JumpLeft.h">
      <Filter>Object\Boss\Boss3\state\Jump</Filter>
    </ClInclude>
    <ClInclude Include="Boss3JumpRight.h">
      <Filter>Object\Boss\Boss3\state\Jump</Filter>
    </ClInclude>
  </ItemGroup>
  <ItemGroup>
    <Text Include="dxaudio.h">
      <Filter>Lib</Filter>
    </Text>
  </ItemGroup>
</Project>